
Microsoft Visual Studio Solution File, Format Version 12.00
# Visual Studio Version 17
VisualStudioVersion = 17.0.31903.59
MinimumVisualStudioVersion = 10.0.40219.1
Project("{2150E333-8FDC-42A3-9474-1A3956D46DE8}") = "src", "src", "{827E0CD3-B72D-47B6-A68D-7590B98EB39B}"
EndProject
Project("{FAE04EC0-301F-11D3-BF4B-00C04F79EFBC}") = "CinemaX.Domain", "src\CinemaX.Domain\CinemaX.Domain.csproj", "{1D3EC0AE-0F6F-4E83-843F-045EE1A5E388}"
EndProject
Project("{FAE04EC0-301F-11D3-BF4B-00C04F79EFBC}") = "CinemaX.Application", "src\CinemaX.Application\CinemaX.Application.csproj", "{5626E088-D54E-48BA-B9DA-00956D2CF874}"
EndProject
Project("{FAE04EC0-301F-11D3-BF4B-00C04F79EFBC}") = "CinemaX.Infrastructure", "src\CinemaX.Infrastructure\CinemaX.Infrastructure.csproj", "{9EFA7C86-315F-43FB-9B78-C87B3081AA84}"
EndProject
Project("{FAE04EC0-301F-11D3-BF4B-00C04F79EFBC}") = "CinemaX.API", "src\CinemaX.API\CinemaX.API.csproj", "{D4DAC0DC-CC05-48AF-91FE-AC433D0A052F}"
EndProject
Global
	GlobalSection(SolutionConfigurationPlatforms) = preSolution
		Debug|Any CPU = Debug|Any CPU
		Debug|x64 = Debug|x64
		Debug|x86 = Debug|x86
		Release|Any CPU = Release|Any CPU
		Release|x64 = Release|x64
		Release|x86 = Release|x86
	EndGlobalSection
	GlobalSection(ProjectConfigurationPlatforms) = postSolution
		{1D3EC0AE-0F6F-4E83-843F-045EE1A5E388}.Debug|Any CPU.ActiveCfg = Debug|Any CPU
		{1D3EC0AE-0F6F-4E83-843F-045EE1A5E388}.Debug|Any CPU.Build.0 = Debug|Any CPU
		{1D3EC0AE-0F6F-4E83-843F-045EE1A5E388}.Debug|x64.ActiveCfg = Debug|Any CPU
		{1D3EC0AE-0F6F-4E83-843F-045EE1A5E388}.Debug|x64.Build.0 = Debug|Any CPU
		{1D3EC0AE-0F6F-4E83-843F-045EE1A5E388}.Debug|x86.ActiveCfg = Debug|Any CPU
		{1D3EC0AE-0F6F-4E83-843F-045EE1A5E388}.Debug|x86.Build.0 = Debug|Any CPU
		{1D3EC0AE-0F6F-4E83-843F-045EE1A5E388}.Release|Any CPU.ActiveCfg = Release|Any CPU
		{1D3EC0AE-0F6F-4E83-843F-045EE1A5E388}.Release|Any CPU.Build.0 = Release|Any CPU
		{1D3EC0AE-0F6F-4E83-843F-045EE1A5E388}.Release|x64.ActiveCfg = Release|Any CPU
		{1D3EC0AE-0F6F-4E83-843F-045EE1A5E388}.Release|x64.Build.0 = Release|Any CPU
		{1D3EC0AE-0F6F-4E83-843F-045EE1A5E388}.Release|x86.ActiveCfg = Release|Any CPU
		{1D3EC0AE-0F6F-4E83-843F-045EE1A5E388}.Release|x86.Build.0 = Release|Any CPU
		{5626E088-D54E-48BA-B9DA-00956D2CF874}.Debug|Any CPU.ActiveCfg = Debug|Any CPU
		{5626E088-D54E-48BA-B9DA-00956D2CF874}.Debug|Any CPU.Build.0 = Debug|Any CPU
		{5626E088-D54E-48BA-B9DA-00956D2CF874}.Debug|x64.ActiveCfg = Debug|Any CPU
		{5626E088-D54E-48BA-B9DA-00956D2CF874}.Debug|x64.Build.0 = Debug|Any CPU
		{5626E088-D54E-48BA-B9DA-00956D2CF874}.Debug|x86.ActiveCfg = Debug|Any CPU
		{5626E088-D54E-48BA-B9DA-00956D2CF874}.Debug|x86.Build.0 = Debug|Any CPU
		{5626E088-D54E-48BA-B9DA-00956D2CF874}.Release|Any CPU.ActiveCfg = Release|Any CPU
		{5626E088-D54E-48BA-B9DA-00956D2CF874}.Release|Any CPU.Build.0 = Release|Any CPU
		{5626E088-D54E-48BA-B9DA-00956D2CF874}.Release|x64.ActiveCfg = Release|Any CPU
		{5626E088-D54E-48BA-B9DA-00956D2CF874}.Release|x64.Build.0 = Release|Any CPU
		{5626E088-D54E-48BA-B9DA-00956D2CF874}.Release|x86.ActiveCfg = Release|Any CPU
		{5626E088-D54E-48BA-B9DA-00956D2CF874}.Release|x86.Build.0 = Release|Any CPU
		{9EFA7C86-315F-43FB-9B78-C87B3081AA84}.Debug|Any CPU.ActiveCfg = Debug|Any CPU
		{9EFA7C86-315F-43FB-9B78-C87B3081AA84}.Debug|Any CPU.Build.0 = Debug|Any CPU
		{9EFA7C86-315F-43FB-9B78-C87B3081AA84}.Debug|x64.ActiveCfg = Debug|Any CPU
		{9EFA7C86-315F-43FB-9B78-C87B3081AA84}.Debug|x64.Build.0 = Debug|Any CPU
		{9EFA7C86-315F-43FB-9B78-C87B3081AA84}.Debug|x86.ActiveCfg = Debug|Any CPU
		{9EFA7C86-315F-43FB-9B78-C87B3081AA84}.Debug|x86.Build.0 = Debug|Any CPU
		{9EFA7C86-315F-43FB-9B78-C87B3081AA84}.Release|Any CPU.ActiveCfg = Release|Any CPU
		{9EFA7C86-315F-43FB-9B78-C87B3081AA84}.Release|Any CPU.Build.0 = Release|Any CPU
		{9EFA7C86-315F-43FB-9B78-C87B3081AA84}.Release|x64.ActiveCfg = Release|Any CPU
		{9EFA7C86-315F-43FB-9B78-C87B3081AA84}.Release|x64.Build.0 = Release|Any CPU
		{9EFA7C86-315F-43FB-9B78-C87B3081AA84}.Release|x86.ActiveCfg = Release|Any CPU
		{9EFA7C86-315F-43FB-9B78-C87B3081AA84}.Release|x86.Build.0 = Release|Any CPU
		{D4DAC0DC-CC05-48AF-91FE-AC433D0A052F}.Debug|Any CPU.ActiveCfg = Debug|Any CPU
		{D4DAC0DC-CC05-48AF-91FE-AC433D0A052F}.Debug|Any CPU.Build.0 = Debug|Any CPU
		{D4DAC0DC-CC05-48AF-91FE-AC433D0A052F}.Debug|x64.ActiveCfg = Debug|Any CPU
		{D4DAC0DC-CC05-48AF-91FE-AC433D0A052F}.Debug|x64.Build.0 = Debug|Any CPU
		{D4DAC0DC-CC05-48AF-91FE-AC433D0A052F}.Debug|x86.ActiveCfg = Debug|Any CPU
		{D4DAC0DC-CC05-48AF-91FE-AC433D0A052F}.Debug|x86.Build.0 = Debug|Any CPU
		{D4DAC0DC-CC05-48AF-91FE-AC433D0A052F}.Release|Any CPU.ActiveCfg = Release|Any CPU
		{D4DAC0DC-CC05-48AF-91FE-AC433D0A052F}.Release|Any CPU.Build.0 = Release|Any CPU
		{D4DAC0DC-CC05-48AF-91FE-AC433D0A052F}.Release|x64.ActiveCfg = Release|Any CPU
		{D4DAC0DC-CC05-48AF-91FE-AC433D0A052F}.Release|x64.Build.0 = Release|Any CPU
		{D4DAC0DC-CC05-48AF-91FE-AC433D0A052F}.Release|x86.ActiveCfg = Release|Any CPU
		{D4DAC0DC-CC05-48AF-91FE-AC433D0A052F}.Release|x86.Build.0 = Release|Any CPU
	EndGlobalSection
	GlobalSection(SolutionProperties) = preSolution
		HideSolutionNode = FALSE
	EndGlobalSection
	GlobalSection(NestedProjects) = preSolution
		{1D3EC0AE-0F6F-4E83-843F-045EE1A5E388} = {827E0CD3-B72D-47B6-A68D-7590B98EB39B}
		{5626E088-D54E-48BA-B9DA-00956D2CF874} = {827E0CD3-B72D-47B6-A68D-7590B98EB39B}
		{9EFA7C86-315F-43FB-9B78-C87B3081AA84} = {827E0CD3-B72D-47B6-A68D-7590B98EB39B}
		{D4DAC0DC-CC05-48AF-91FE-AC433D0A052F} = {827E0CD3-B72D-47B6-A68D-7590B98EB39B}
	EndGlobalSection
EndGlobal
